// !$*UTF8*$!
{
	archiveVersion = 1;
	classes = {
	};
	objectVersion = 46;
	objects = {

/* Begin PBXBuildFile section */
		66B1454D1E012A0100D871E2 /* AppDelegate.swift in Sources */ = {isa = PBXBuildFile; fileRef = 66B1454C1E012A0100D871E2 /* AppDelegate.swift */; };
		66B1454F1E012A0100D871E2 /* ViewController.swift in Sources */ = {isa = PBXBuildFile; fileRef = 66B1454E1E012A0100D871E2 /* ViewController.swift */; };
		66B145521E012A0100D871E2 /* Main.storyboard in Resources */ = {isa = PBXBuildFile; fileRef = 66B145501E012A0100D871E2 /* Main.storyboard */; };
		66B145541E012A0100D871E2 /* Assets.xcassets in Resources */ = {isa = PBXBuildFile; fileRef = 66B145531E012A0100D871E2 /* Assets.xcassets */; };
		66B145571E012A0100D871E2 /* LaunchScreen.storyboard in Resources */ = {isa = PBXBuildFile; fileRef = 66B145551E012A0100D871E2 /* LaunchScreen.storyboard */; };
		66B145621E012A0100D871E2 /* KT_TicTacToeTests.swift in Sources */ = {isa = PBXBuildFile; fileRef = 66B145611E012A0100D871E2 /* KT_TicTacToeTests.swift */; };
		66B1456D1E012A0200D871E2 /* KT_TicTacToeUITests.swift in Sources */ = {isa = PBXBuildFile; fileRef = 66B1456C1E012A0200D871E2 /* KT_TicTacToeUITests.swift */; };
		66F36ADD1E016DB500E05ED7 /* Player.swift in Sources */ = {isa = PBXBuildFile; fileRef = 66F36ADC1E016DB500E05ED7 /* Player.swift */; };
/* End PBXBuildFile section */

/* Begin PBXContainerItemProxy section */
		66B1455E1E012A0100D871E2 /* PBXContainerItemProxy */ = {
			isa = PBXContainerItemProxy;
			containerPortal = 66B145411E012A0100D871E2 /* Project object */;
			proxyType = 1;
			remoteGlobalIDString = 66B145481E012A0100D871E2;
			remoteInfo = KT_TicTacToe;
		};
		66B145691E012A0200D871E2 /* PBXContainerItemProxy */ = {
			isa = PBXContainerItemProxy;
			containerPortal = 66B145411E012A0100D871E2 /* Project object */;
			proxyType = 1;
			remoteGlobalIDString = 66B145481E012A0100D871E2;
			remoteInfo = KT_TicTacToe;
		};
/* End PBXContainerItemProxy section */

/* Begin PBXFileReference section */
		66B145491E012A0100D871E2 /* KT_TicTacToe.app */ = {isa = PBXFileReference; explicitFileType = wrapper.application; includeInIndex = 0; path = KT_TicTacToe.app; sourceTree = BUILT_PRODUCTS_DIR; };
		66B1454C1E012A0100D871E2 /* AppDelegate.swift */ = {isa = PBXFileReference; lastKnownFileType = sourcecode.swift; path = AppDelegate.swift; sourceTree = "<group>"; };
		66B1454E1E012A0100D871E2 /* ViewController.swift */ = {isa = PBXFileReference; lastKnownFileType = sourcecode.swift; path = ViewController.swift; sourceTree = "<group>"; };
		66B145511E012A0100D871E2 /* Base */ = {isa = PBXFileReference; lastKnownFileType = file.storyboard; name = Base; path = Base.lproj/Main.storyboard; sourceTree = "<group>"; };
		66B145531E012A0100D871E2 /* Assets.xcassets */ = {isa = PBXFileReference; lastKnownFileType = folder.assetcatalog; path = Assets.xcassets; sourceTree = "<group>"; };
		66B145561E012A0100D871E2 /* Base */ = {isa = PBXFileReference; lastKnownFileType = file.storyboard; name = Base; path = Base.lproj/LaunchScreen.storyboard; sourceTree = "<group>"; };
		66B145581E012A0100D871E2 /* Info.plist */ = {isa = PBXFileReference; lastKnownFileType = text.plist.xml; path = Info.plist; sourceTree = "<group>"; };
		66B1455D1E012A0100D871E2 /* KT_TicTacToeTests.xctest */ = {isa = PBXFileReference; explicitFileType = wrapper.cfbundle; includeInIndex = 0; path = KT_TicTacToeTests.xctest; sourceTree = BUILT_PRODUCTS_DIR; };
		66B145611E012A0100D871E2 /* KT_TicTacToeTests.swift */ = {isa = PBXFileReference; lastKnownFileType = sourcecode.swift; path = KT_TicTacToeTests.swift; sourceTree = "<group>"; };
		66B145631E012A0100D871E2 /* Info.plist */ = {isa = PBXFileReference; lastKnownFileType = text.plist.xml; path = Info.plist; sourceTree = "<group>"; };
		66B145681E012A0200D871E2 /* KT_TicTacToeUITests.xctest */ = {isa = PBXFileReference; explicitFileType = wrapper.cfbundle; includeInIndex = 0; path = KT_TicTacToeUITests.xctest; sourceTree = BUILT_PRODUCTS_DIR; };
		66B1456C1E012A0200D871E2 /* KT_TicTacToeUITests.swift */ = {isa = PBXFileReference; lastKnownFileType = sourcecode.swift; path = KT_TicTacToeUITests.swift; sourceTree = "<group>"; };
		66B1456E1E012A0200D871E2 /* Info.plist */ = {isa = PBXFileReference; lastKnownFileType = text.plist.xml; path = Info.plist; sourceTree = "<group>"; };
		66F36ADC1E016DB500E05ED7 /* Player.swift */ = {isa = PBXFileReference; fileEncoding = 4; lastKnownFileType = sourcecode.swift; path = Player.swift; sourceTree = "<group>"; };
/* End PBXFileReference section */

/* Begin PBXFrameworksBuildPhase section */
		66B145461E012A0100D871E2 /* Frameworks */ = {
			isa = PBXFrameworksBuildPhase;
			buildActionMask = 2147483647;
			files = (
			);
			runOnlyForDeploymentPostprocessing = 0;
		};
		66B1455A1E012A0100D871E2 /* Frameworks */ = {
			isa = PBXFrameworksBuildPhase;
			buildActionMask = 2147483647;
			files = (
			);
			runOnlyForDeploymentPostprocessing = 0;
		};
		66B145651E012A0200D871E2 /* Frameworks */ = {
			isa = PBXFrameworksBuildPhase;
			buildActionMask = 2147483647;
			files = (
			);
			runOnlyForDeploymentPostprocessing = 0;
		};
/* End PBXFrameworksBuildPhase section */

/* Begin PBXGroup section */
		66B145401E012A0100D871E2 = {
			isa = PBXGroup;
			children = (
				66B1454B1E012A0100D871E2 /* KT_TicTacToe */,
				66B145601E012A0100D871E2 /* KT_TicTacToeTests */,
				66B1456B1E012A0200D871E2 /* KT_TicTacToeUITests */,
				66B1454A1E012A0100D871E2 /* Products */,
			);
			sourceTree = "<group>";
		};
		66B1454A1E012A0100D871E2 /* Products */ = {
			isa = PBXGroup;
			children = (
				66B145491E012A0100D871E2 /* KT_TicTacToe.app */,
				66B1455D1E012A0100D871E2 /* KT_TicTacToeTests.xctest */,
				66B145681E012A0200D871E2 /* KT_TicTacToeUITests.xctest */,
			);
			name = Products;
			sourceTree = "<group>";
		};
		66B1454B1E012A0100D871E2 /* KT_TicTacToe */ = {
			isa = PBXGroup;
			children = (
				66B1454C1E012A0100D871E2 /* AppDelegate.swift */,
				66B1454E1E012A0100D871E2 /* ViewController.swift */,
				66B145501E012A0100D871E2 /* Main.storyboard */,
				66B145531E012A0100D871E2 /* Assets.xcassets */,
				66B145551E012A0100D871E2 /* LaunchScreen.storyboard */,
				66B145581E012A0100D871E2 /* Info.plist */,
				66F36ADC1E016DB500E05ED7 /* Player.swift */,
			);
			path = KT_TicTacToe;
			sourceTree = "<group>";
		};
		66B145601E012A0100D871E2 /* KT_TicTacToeTests */ = {
			isa = PBXGroup;
			children = (
				66B145611E012A0100D871E2 /* KT_TicTacToeTests.swift */,
				66B145631E012A0100D871E2 /* Info.plist */,
			);
			path = KT_TicTacToeTests;
			sourceTree = "<group>";
		};
		66B1456B1E012A0200D871E2 /* KT_TicTacToeUITests */ = {
			isa = PBXGroup;
			children = (
				66B1456C1E012A0200D871E2 /* KT_TicTacToeUITests.swift */,
				66B1456E1E012A0200D871E2 /* Info.plist */,
			);
			path = KT_TicTacToeUITests;
			sourceTree = "<group>";
		};
/* End PBXGroup section */

/* Begin PBXNativeTarget section */
		66B145481E012A0100D871E2 /* KT_TicTacToe */ = {
			isa = PBXNativeTarget;
			buildConfigurationList = 66B145711E012A0200D871E2 /* Build configuration list for PBXNativeTarget "KT_TicTacToe" */;
			buildPhases = (
				66B145451E012A0100D871E2 /* Sources */,
				66B145461E012A0100D871E2 /* Frameworks */,
				66B145471E012A0100D871E2 /* Resources */,
			);
			buildRules = (
			);
			dependencies = (
			);
			name = KT_TicTacToe;
			productName = KT_TicTacToe;
			productReference = 66B145491E012A0100D871E2 /* KT_TicTacToe.app */;
			productType = "com.apple.product-type.application";
		};
		66B1455C1E012A0100D871E2 /* KT_TicTacToeTests */ = {
			isa = PBXNativeTarget;
			buildConfigurationList = 66B145741E012A0200D871E2 /* Build configuration list for PBXNativeTarget "KT_TicTacToeTests" */;
			buildPhases = (
				66B145591E012A0100D871E2 /* Sources */,
				66B1455A1E012A0100D871E2 /* Frameworks */,
				66B1455B1E012A0100D871E2 /* Resources */,
			);
			buildRules = (
			);
			dependencies = (
				66B1455F1E012A0100D871E2 /* PBXTargetDependency */,
			);
			name = KT_TicTacToeTests;
			productName = KT_TicTacToeTests;
			productReference = 66B1455D1E012A0100D871E2 /* KT_TicTacToeTests.xctest */;
			productType = "com.apple.product-type.bundle.unit-test";
		};
		66B145671E012A0200D871E2 /* KT_TicTacToeUITests */ = {
			isa = PBXNativeTarget;
			buildConfigurationList = 66B145771E012A0200D871E2 /* Build configuration list for PBXNativeTarget "KT_TicTacToeUITests" */;
			buildPhases = (
				66B145641E012A0200D871E2 /* Sources */,
				66B145651E012A0200D871E2 /* Frameworks */,
				66B145661E012A0200D871E2 /* Resources */,
			);
			buildRules = (
			);
			dependencies = (
				66B1456A1E012A0200D871E2 /* PBXTargetDependency */,
			);
			name = KT_TicTacToeUITests;
			productName = KT_TicTacToeUITests;
			productReference = 66B145681E012A0200D871E2 /* KT_TicTacToeUITests.xctest */;
			productType = "com.apple.product-type.bundle.ui-testing";
		};
/* End PBXNativeTarget section */

/* Begin PBXProject section */
		66B145411E012A0100D871E2 /* Project object */ = {
			isa = PBXProject;
			attributes = {
				LastSwiftUpdateCheck = 0810;
				LastUpgradeCheck = 0810;
				ORGANIZATIONNAME = "Kartik Patel";
				TargetAttributes = {
					66B145481E012A0100D871E2 = {
						CreatedOnToolsVersion = 8.1;
						DevelopmentTeam = KP9ST78F2Z;
						ProvisioningStyle = Automatic;
					};
					66B1455C1E012A0100D871E2 = {
						CreatedOnToolsVersion = 8.1;
						DevelopmentTeam = KP9ST78F2Z;
						ProvisioningStyle = Automatic;
						TestTargetID = 66B145481E012A0100D871E2;
					};
					66B145671E012A0200D871E2 = {
						CreatedOnToolsVersion = 8.1;
						DevelopmentTeam = KP9ST78F2Z;
						ProvisioningStyle = Automatic;
						TestTargetID = 66B145481E012A0100D871E2;
					};
				};
			};
			buildConfigurationList = 66B145441E012A0100D871E2 /* Build configuration list for PBXProject "KT_TicTacToe" */;
			compatibilityVersion = "Xcode 3.2";
			developmentRegion = English;
			hasScannedForEncodings = 0;
			knownRegions = (
				en,
				Base,
			);
			mainGroup = 66B145401E012A0100D871E2;
			productRefGroup = 66B1454A1E012A0100D871E2 /* Products */;
			projectDirPath = "";
			projectRoot = "";
			targets = (
				66B145481E012A0100D871E2 /* KT_TicTacToe */,
				66B1455C1E012A0100D871E2 /* KT_TicTacToeTests */,
				66B145671E012A0200D871E2 /* KT_TicTacToeUITests */,
			);
		};
/* End PBXProject section */

/* Begin PBXResourcesBuildPhase section */
		66B145471E012A0100D871E2 /* Resources */ = {
			isa = PBXResourcesBuildPhase;
			buildActionMask = 2147483647;
			files = (
				66B145571E012A0100D871E2 /* LaunchScreen.storyboard in Resources */,
				66B145541E012A0100D871E2 /* Assets.xcassets in Resources */,
				66B145521E012A0100D871E2 /* Main.storyboard in Resources */,
			);
			runOnlyForDeploymentPostprocessing = 0;
		};
		66B1455B1E012A0100D871E2 /* Resources */ = {
			isa = PBXResourcesBuildPhase;
			buildActionMask = 2147483647;
			files = (
			);
			runOnlyForDeploymentPostprocessing = 0;
		};
		66B145661E012A0200D871E2 /* Resources */ = {
			isa = PBXResourcesBuildPhase;
			buildActionMask = 2147483647;
			files = (
			);
			runOnlyForDeploymentPostprocessing = 0;
		};
/* End PBXResourcesBuildPhase section */

/* Begin PBXSourcesBuildPhase section */
		66B145451E012A0100D871E2 /* Sources */ = {
			isa = PBXSourcesBuildPhase;
			buildActionMask = 2147483647;
			files = (
				66B1454F1E012A0100D871E2 /* ViewController.swift in Sources */,
				66F36ADD1E016DB500E05ED7 /* Player.swift in Sources */,
				66B1454D1E012A0100D871E2 /* AppDelegate.swift in Sources */,
			);
			runOnlyForDeploymentPostprocessing = 0;
		};
		66B145591E012A0100D871E2 /* Sources */ = {
			isa = PBXSourcesBuildPhase;
			buildActionMask = 2147483647;
			files = (
				66B145621E012A0100D871E2 /* KT_TicTacToeTests.swift in Sources */,
			);
			runOnlyForDeploymentPostprocessing = 0;
		};
		66B145641E012A0200D871E2 /* Sources */ = {
			isa = PBXSourcesBuildPhase;
			buildActionMask = 2147483647;
			files = (
				66B1456D1E012A0200D871E2 /* KT_TicTacToeUITests.swift in Sources */,
			);
			runOnlyForDeploymentPostprocessing = 0;
		};
/* End PBXSourcesBuildPhase section */

/* Begin PBXTargetDependency section */
		66B1455F1E012A0100D871E2 /* PBXTargetDependency */ = {
			isa = PBXTargetDependency;
			target = 66B145481E012A0100D871E2 /* KT_TicTacToe */;
			targetProxy = 66B1455E1E012A0100D871E2 /* PBXContainerItemProxy */;
		};
		66B1456A1E012A0200D871E2 /* PBXTargetDependency */ = {
			isa = PBXTargetDependency;
			target = 66B145481E012A0100D871E2 /* KT_TicTacToe */;
			targetProxy = 66B145691E012A0200D871E2 /* PBXContainerItemProxy */;
		};
/* End PBXTargetDependency section */

/* Begin PBXVariantGroup section */
		66B145501E012A0100D871E2 /* Main.storyboard */ = {
			isa = PBXVariantGroup;
			children = (
				66B145511E012A0100D871E2 /* Base */,
			);
			name = Main.storyboard;
			sourceTree = "<group>";
		};
		66B145551E012A0100D871E2 /* LaunchScreen.storyboard */ = {
			isa = PBXVariantGroup;
			children = (
				66B145561E012A0100D871E2 /* Base */,
			);
			name = LaunchScreen.storyboard;
			sourceTree = "<group>";
		};
/* End PBXVariantGroup section */

/* Begin XCBuildConfiguration section */
		66B1456F1E012A0200D871E2 /* Debug */ = {
			isa = XCBuildConfiguration;
			buildSettings = {
				ALWAYS_SEARCH_USER_PATHS = NO;
				CLANG_ANALYZER_NONNULL = YES;
				CLANG_CXX_LANGUAGE_STANDARD = "gnu++0x";
				CLANG_CXX_LIBRARY = "libc++";
				CLANG_ENABLE_MODULES = YES;
				CLANG_ENABLE_OBJC_ARC = YES;
				CLANG_WARN_BOOL_CONVERSION = YES;
				CLANG_WARN_CONSTANT_CONVERSION = YES;
				CLANG_WARN_DIRECT_OBJC_ISA_USAGE = YES_ERROR;
				CLANG_WARN_DOCUMENTATION_COMMENTS = YES;
				CLANG_WARN_EMPTY_BODY = YES;
				CLANG_WARN_ENUM_CONVERSION = YES;
				CLANG_WARN_INFINITE_RECURSION = YES;
				CLANG_WARN_INT_CONVERSION = YES;
				CLANG_WARN_OBJC_ROOT_CLASS = YES_ERROR;
				CLANG_WARN_SUSPICIOUS_MOVES = YES;
				CLANG_WARN_UNREACHABLE_CODE = YES;
				CLANG_WARN__DUPLICATE_METHOD_MATCH = YES;
				"CODE_SIGN_IDENTITY[sdk=iphoneos*]" = "iPhone Developer";
				COPY_PHASE_STRIP = NO;
				DEBUG_INFORMATION_FORMAT = dwarf;
				ENABLE_STRICT_OBJC_MSGSEND = YES;
				ENABLE_TESTABILITY = YES;
				GCC_C_LANGUAGE_STANDARD = gnu99;
				GCC_DYNAMIC_NO_PIC = NO;
				GCC_NO_COMMON_BLOCKS = YES;
				GCC_OPTIMIZATION_LEVEL = 0;
				GCC_PREPROCESSOR_DEFINITIONS = (
					"DEBUG=1",
					"$(inherited)",
				);
				GCC_WARN_64_TO_32_BIT_CONVERSION = YES;
				GCC_WARN_ABOUT_RETURN_TYPE = YES_ERROR;
				GCC_WARN_UNDECLARED_SELECTOR = YES;
				GCC_WARN_UNINITIALIZED_AUTOS = YES_AGGRESSIVE;
				GCC_WARN_UNUSED_FUNCTION = YES;
				GCC_WARN_UNUSED_VARIABLE = YES;
				IPHONEOS_DEPLOYMENT_TARGET = 8.0;
				MTL_ENABLE_DEBUG_INFO = YES;
				ONLY_ACTIVE_ARCH = YES;
				SDKROOT = iphoneos;
				SWIFT_ACTIVE_COMPILATION_CONDITIONS = DEBUG;
				SWIFT_OPTIMIZATION_LEVEL = "-Onone";
				TARGETED_DEVICE_FAMILY = "1,2";
			};
			name = Debug;
		};
		66B145701E012A0200D871E2 /* Release */ = {
			isa = XCBuildConfiguration;
			buildSettings = {
				ALWAYS_SEARCH_USER_PATHS = NO;
				CLANG_ANALYZER_NONNULL = YES;
				CLANG_CXX_LANGUAGE_STANDARD = "gnu++0x";
				CLANG_CXX_LIBRARY = "libc++";
				CLANG_ENABLE_MODULES = YES;
				CLANG_ENABLE_OBJC_ARC = YES;
				CLANG_WARN_BOOL_CONVERSION = YES;
				CLANG_WARN_CONSTANT_CONVERSION = YES;
				CLANG_WARN_DIRECT_OBJC_ISA_USAGE = YES_ERROR;
				CLANG_WARN_DOCUMENTATION_COMMENTS = YES;
				CLANG_WARN_EMPTY_BODY = YES;
				CLANG_WARN_ENUM_CONVERSION = YES;
				CLANG_WARN_INFINITE_RECURSION = YES;
				CLANG_WARN_INT_CONVERSION = YES;
				CLANG_WARN_OBJC_ROOT_CLASS = YES_ERROR;
				CLANG_WARN_SUSPICIOUS_MOVES = YES;
				CLANG_WARN_UNREACHABLE_CODE = YES;
				CLANG_WARN__DUPLICATE_METHOD_MATCH = YES;
				"CODE_SIGN_IDENTITY[sdk=iphoneos*]" = "iPhone Developer";
				COPY_PHASE_STRIP = NO;
				DEBUG_INFORMATION_FORMAT = "dwarf-with-dsym";
				ENABLE_NS_ASSERTIONS = NO;
				ENABLE_STRICT_OBJC_MSGSEND = YES;
				GCC_C_LANGUAGE_STANDARD = gnu99;
				GCC_NO_COMMON_BLOCKS = YES;
				GCC_WARN_64_TO_32_BIT_CONVERSION = YES;
				GCC_WARN_ABOUT_RETURN_TYPE = YES_ERROR;
				GCC_WARN_UNDECLARED_SELECTOR = YES;
				GCC_WARN_UNINITIALIZED_AUTOS = YES_AGGRESSIVE;
				GCC_WARN_UNUSED_FUNCTION = YES;
				GCC_WARN_UNUSED_VARIABLE = YES;
				IPHONEOS_DEPLOYMENT_TARGET = 8.0;
				MTL_ENABLE_DEBUG_INFO = NO;
				SDKROOT = iphoneos;
				SWIFT_OPTIMIZATION_LEVEL = "-Owholemodule";
				TARGETED_DEVICE_FAMILY = "1,2";
				VALIDATE_PRODUCT = YES;
			};
			name = Release;
		};
		66B145721E012A0200D871E2 /* Debug */ = {
			isa = XCBuildConfiguration;
			buildSettings = {
				ASSETCATALOG_COMPILER_APPICON_NAME = AppIcon;
				DEVELOPMENT_TEAM = KP9ST78F2Z;
				INFOPLIST_FILE = KT_TicTacToe/Info.plist;
				IPHONEOS_DEPLOYMENT_TARGET = 8.0;
				LD_RUNPATH_SEARCH_PATHS = "$(inherited) @executable_path/Frameworks";
				PRODUCT_BUNDLE_IDENTIFIER = "com.ktpatel.KT-TicTacToe";
				PRODUCT_NAME = "$(TARGET_NAME)";
				SWIFT_VERSION = 3.0;
			};
			name = Debug;
		};
		66B145731E012A0200D871E2 /* Release */ = {
			isa = XCBuildConfiguration;
			buildSettings = {
				ASSETCATALOG_COMPILER_APPICON_NAME = AppIcon;
				DEVELOPMENT_TEAM = KP9ST78F2Z;
				INFOPLIST_FILE = KT_TicTacToe/Info.plist;
				IPHONEOS_DEPLOYMENT_TARGET = 8.0;
				LD_RUNPATH_SEARCH_PATHS = "$(inherited) @executable_path/Frameworks";
				PRODUCT_BUNDLE_IDENTIFIER = "com.ktpatel.KT-TicTacToe";
				PRODUCT_NAME = "$(TARGET_NAME)";
				SWIFT_VERSION = 3.0;
			};
			name = Release;
		};
		66B145751E012A0200D871E2 /* Debug */ = {
			isa = XCBuildConfiguration;
			buildSettings = {
				ALWAYS_EMBED_SWIFT_STANDARD_LIBRARIES = YES;
				BUNDLE_LOADER = "$(TEST_HOST)";
				DEVELOPMENT_TEAM = KP9ST78F2Z;
				INFOPLIST_FILE = KT_TicTacToeTests/Info.plist;
				LD_RUNPATH_SEARCH_PATHS = "$(inherited) @executable_path/Frameworks @loader_path/Frameworks";
				PRODUCT_BUNDLE_IDENTIFIER = "com.ktpatel.KT-TicTacToeTests";
				PRODUCT_NAME = "$(TARGET_NAME)";
				SWIFT_VERSION = 3.0;
				TEST_HOST = "$(BUILT_PRODUCTS_DIR)/KT_TicTacToe.app/KT_TicTacToe";
			};
			name = Debug;
		};
		66B145761E012A0200D871E2 /* Release */ = {
			isa = XCBuildConfiguration;
			buildSettings = {
				ALWAYS_EMBED_SWIFT_STANDARD_LIBRARIES = YES;
				BUNDLE_LOADER = "$(TEST_HOST)";
				DEVELOPMENT_TEAM = KP9ST78F2Z;
				INFOPLIST_FILE = KT_TicTacToeTests/Info.plist;
				LD_RUNPATH_SEARCH_PATHS = "$(inherited) @executable_path/Frameworks @loader_path/Frameworks";
				PRODUCT_BUNDLE_IDENTIFIER = "com.ktpatel.KT-TicTacToeTests";
				PRODUCT_NAME = "$(TARGET_NAME)";
				SWIFT_VERSION = 3.0;
				TEST_HOST = "$(BUILT_PRODUCTS_DIR)/KT_TicTacToe.app/KT_TicTacToe";
			};
			name = Release;
		};
		66B145781E012A0200D871E2 /* Debug */ = {
			isa = XCBuildConfiguration;
			buildSettings = {
				ALWAYS_EMBED_SWIFT_STANDARD_LIBRARIES = YES;
				DEVELOPMENT_TEAM = KP9ST78F2Z;
				INFOPLIST_FILE = KT_TicTacToeUITests/Info.plist;
				LD_RUNPATH_SEARCH_PATHS = "$(inherited) @executable_path/Frameworks @loader_path/Frameworks";
				PRODUCT_BUNDLE_IDENTIFIER = "com.ktpatel.KT-TicTacToeUITests";
				PRODUCT_NAME = "$(TARGET_NAME)";
				SWIFT_VERSION = 3.0;
				TEST_TARGET_NAME = KT_TicTacToe;
			};
			name = Debug;
		};
		66B145791E012A0200D871E2 /* Release */ = {
			isa = XCBuildConfiguration;
			buildSettings = {
				ALWAYS_EMBED_SWIFT_STANDARD_LIBRARIES = YES;
				DEVELOPMENT_TEAM = KP9ST78F2Z;
				INFOPLIST_FILE = KT_TicTacToeUITests/Info.plist;
				LD_RUNPATH_SEARCH_PATHS = "$(inherited) @executable_path/Frameworks @loader_path/Frameworks";
				PRODUCT_BUNDLE_IDENTIFIER = "com.ktpatel.KT-TicTacToeUITests";
				PRODUCT_NAME = "$(TARGET_NAME)";
				SWIFT_VERSION = 3.0;
				TEST_TARGET_NAME = KT_TicTacToe;
			};
			name = Release;
		};
/* End XCBuildConfiguration section */

/* Begin XCConfigurationList section */
		66B145441E012A0100D871E2 /* Build configuration list for PBXProject "KT_TicTacToe" */ = {
			isa = XCConfigurationList;
			buildConfigurations = (
				66B1456F1E012A0200D871E2 /* Debug */,
				66B145701E012A0200D871E2 /* Release */,
			);
			defaultConfigurationIsVisible = 0;
			defaultConfigurationName = Release;
		};
		66B145711E012A0200D871E2 /* Build configuration list for PBXNativeTarget "KT_TicTacToe" */ = {
			isa = XCConfigurationList;
			buildConfigurations = (
				66B145721E012A0200D871E2 /* Debug */,
				66B145731E012A0200D871E2 /* Release */,
			);
			defaultConfigurationIsVisible = 0;
			defaultConfigurationName = Release;
		};
		66B145741E012A0200D871E2 /* Build configuration list for PBXNativeTarget "KT_TicTacToeTests" */ = {
			isa = XCConfigurationList;
			buildConfigurations = (
				66B145751E012A0200D871E2 /* Debug */,
				66B145761E012A0200D871E2 /* Release */,
			);
			defaultConfigurationIsVisible = 0;
			defaultConfigurationName = Release;
		};
		66B145771E012A0200D871E2 /* Build configuration list for PBXNativeTarget "KT_TicTacToeUITests" */ = {
			isa = XCConfigurationList;
			buildConfigurations = (
				66B145781E012A0200D871E2 /* Debug */,
				66B145791E012A0200D871E2 /* Release */,
			);
			defaultConfigurationIsVisible = 0;
			defaultConfigurationName = Release;
		};
/* End XCConfigurationList section */
	};
	rootObject = 66B145411E012A0100D871E2 /* Project object */;
}
